// !$*UTF8*$!
{
	archiveVersion = 1;
	classes = {
	};
	objectVersion = 50;
	objects = {

/* Begin PBXBuildFile section */
		505C7B6D2402B40B0060A397 /* ZodiacViewLab.swift in Sources */ = {isa = PBXBuildFile; fileRef = 505C7B6C2402B40B0060A397 /* ZodiacViewLab.swift */; };
		509F147D23FE77BF00BD8CFC /* AppDelegate.swift in Sources */ = {isa = PBXBuildFile; fileRef = 509F147C23FE77BF00BD8CFC /* AppDelegate.swift */; };
		509F147F23FE77BF00BD8CFC /* SceneDelegate.swift in Sources */ = {isa = PBXBuildFile; fileRef = 509F147E23FE77BF00BD8CFC /* SceneDelegate.swift */; };
		509F148123FE77BF00BD8CFC /* ViewController.swift in Sources */ = {isa = PBXBuildFile; fileRef = 509F148023FE77BF00BD8CFC /* ViewController.swift */; };
		509F148423FE77BF00BD8CFC /* Main.storyboard in Resources */ = {isa = PBXBuildFile; fileRef = 509F148223FE77BF00BD8CFC /* Main.storyboard */; };
		509F148623FE77CD00BD8CFC /* Assets.xcassets in Resources */ = {isa = PBXBuildFile; fileRef = 509F148523FE77CD00BD8CFC /* Assets.xcassets */; };
		509F148923FE77CD00BD8CFC /* LaunchScreen.storyboard in Resources */ = {isa = PBXBuildFile; fileRef = 509F148723FE77CD00BD8CFC /* LaunchScreen.storyboard */; };
/* End PBXBuildFile section */

/* Begin PBXFileReference section */
		505C7B6C2402B40B0060A397 /* ZodiacViewLab.swift */ = {isa = PBXFileReference; lastKnownFileType = sourcecode.swift; path = ZodiacViewLab.swift; sourceTree = "<group>"; };
		509F147923FE77BF00BD8CFC /* Zodiaco.app */ = {isa = PBXFileReference; explicitFileType = wrapper.application; includeInIndex = 0; path = Zodiaco.app; sourceTree = BUILT_PRODUCTS_DIR; };
		509F147C23FE77BF00BD8CFC /* AppDelegate.swift */ = {isa = PBXFileReference; lastKnownFileType = sourcecode.swift; path = AppDelegate.swift; sourceTree = "<group>"; };
		509F147E23FE77BF00BD8CFC /* SceneDelegate.swift */ = {isa = PBXFileReference; lastKnownFileType = sourcecode.swift; path = SceneDelegate.swift; sourceTree = "<group>"; };
		509F148023FE77BF00BD8CFC /* ViewController.swift */ = {isa = PBXFileReference; lastKnownFileType = sourcecode.swift; path = ViewController.swift; sourceTree = "<group>"; };
		509F148323FE77BF00BD8CFC /* Base */ = {isa = PBXFileReference; lastKnownFileType = file.storyboard; name = Base; path = Base.lproj/Main.storyboard; sourceTree = "<group>"; };
		509F148523FE77CD00BD8CFC /* Assets.xcassets */ = {isa = PBXFileReference; lastKnownFileType = folder.assetcatalog; path = Assets.xcassets; sourceTree = "<group>"; };
		509F148823FE77CD00BD8CFC /* Base */ = {isa = PBXFileReference; lastKnownFileType = file.storyboard; name = Base; path = Base.lproj/LaunchScreen.storyboard; sourceTree = "<group>"; };
		509F148A23FE77CD00BD8CFC /* Info.plist */ = {isa = PBXFileReference; lastKnownFileType = text.plist.xml; path = Info.plist; sourceTree = "<group>"; };
/* End PBXFileReference section */

/* Begin PBXFrameworksBuildPhase section */
		509F147623FE77BF00BD8CFC /* Frameworks */ = {
			isa = PBXFrameworksBuildPhase;
			buildActionMask = 2147483647;
			files = (
			);
			runOnlyForDeploymentPostprocessing = 0;
		};
/* End PBXFrameworksBuildPhase section */

/* Begin PBXGroup section */
		505C7B6B2402AE010060A397 /* ViewController */ = {
			isa = PBXGroup;
			children = (
				509F148023FE77BF00BD8CFC /* ViewController.swift */,
				505C7B6C2402B40B0060A397 /* ZodiacViewLab.swift */,
			);
			path = ViewController;
			sourceTree = "<group>";
		};
		509F147023FE77BF00BD8CFC = {
			isa = PBXGroup;
			children = (
				509F147B23FE77BF00BD8CFC /* Zodiaco */,
				509F147A23FE77BF00BD8CFC /* Products */,
			);
			sourceTree = "<group>";
		};
		509F147A23FE77BF00BD8CFC /* Products */ = {
			isa = PBXGroup;
			children = (
				509F147923FE77BF00BD8CFC /* Zodiaco.app */,
			);
			name = Products;
			sourceTree = "<group>";
		};
		509F147B23FE77BF00BD8CFC /* Zodiaco */ = {
			isa = PBXGroup;
			children = (
				505C7B6B2402AE010060A397 /* ViewController */,
				509F147C23FE77BF00BD8CFC /* AppDelegate.swift */,
				509F147E23FE77BF00BD8CFC /* SceneDelegate.swift */,
				509F148223FE77BF00BD8CFC /* Main.storyboard */,
				509F148523FE77CD00BD8CFC /* Assets.xcassets */,
				509F148723FE77CD00BD8CFC /* LaunchScreen.storyboard */,
				509F148A23FE77CD00BD8CFC /* Info.plist */,
			);
			path = Zodiaco;
			sourceTree = "<group>";
		};
/* End PBXGroup section */

/* Begin PBXNativeTarget section */
		509F147823FE77BF00BD8CFC /* Zodiaco */ = {
			isa = PBXNativeTarget;
			buildConfigurationList = 509F148D23FE77CD00BD8CFC /* Build configuration list for PBXNativeTarget "Zodiaco" */;
			buildPhases = (
				509F147523FE77BF00BD8CFC /* Sources */,
				509F147623FE77BF00BD8CFC /* Frameworks */,
				509F147723FE77BF00BD8CFC /* Resources */,
			);
			buildRules = (
			);
			dependencies = (
			);
			name = Zodiaco;
			productName = Zodiaco;
			productReference = 509F147923FE77BF00BD8CFC /* Zodiaco.app */;
			productType = "com.apple.product-type.application";
		};
/* End PBXNativeTarget section */

/* Begin PBXProject section */
		509F147123FE77BF00BD8CFC /* Project object */ = {
			isa = PBXProject;
			attributes = {
				LastSwiftUpdateCheck = 1130;
				LastUpgradeCheck = 1130;
				ORGANIZATIONNAME = "Mersad Meyfour Asadi";
				TargetAttributes = {
					509F147823FE77BF00BD8CFC = {
						CreatedOnToolsVersion = 11.3.1;
					};
				};
			};
			buildConfigurationList = 509F147423FE77BF00BD8CFC /* Build configuration list for PBXProject "Zodiaco" */;
			compatibilityVersion = "Xcode 9.3";
			developmentRegion = en;
			hasScannedForEncodings = 0;
			knownRegions = (
				en,
				Base,
			);
			mainGroup = 509F147023FE77BF00BD8CFC;
			productRefGroup = 509F147A23FE77BF00BD8CFC /* Products */;
			projectDirPath = "";
			projectRoot = "";
			targets = (
				509F147823FE77BF00BD8CFC /* Zodiaco */,
			);
		};
/* End PBXProject section */

/* Begin PBXResourcesBuildPhase section */
		509F147723FE77BF00BD8CFC /* Resources */ = {
			isa = PBXResourcesBuildPhase;
			buildActionMask = 2147483647;
			files = (
				509F148923FE77CD00BD8CFC /* LaunchScreen.storyboard in Resources */,
				509F148623FE77CD00BD8CFC /* Assets.xcassets in Resources */,
				509F148423FE77BF00BD8CFC /* Main.storyboard in Resources */,
			);
			runOnlyForDeploymentPostprocessing = 0;
		};
/* End PBXResourcesBuildPhase section */

/* Begin PBXSourcesBuildPhase section */
		509F147523FE77BF00BD8CFC /* Sources */ = {
			isa = PBXSourcesBuildPhase;
			buildActionMask = 2147483647;
			files = (
				509F148123FE77BF00BD8CFC /* ViewController.swift in Sources */,
				505C7B6D2402B40B0060A397 /* ZodiacViewLab.swift in Sources */,
				509F147D23FE77BF00BD8CFC /* AppDelegate.swift in Sources */,
				509F147F23FE77BF00BD8CFC /* SceneDelegate.swift in Sources */,
			);
			runOnlyForDeploymentPostprocessing = 0;
		};
/* End PBXSourcesBuildPhase section */

/* Begin PBXVariantGroup section */
		509F148223FE77BF00BD8CFC /* Main.storyboard */ = {
			isa = PBXVariantGroup;
			children = (
				509F148323FE77BF00BD8CFC /* Base */,
			);
			name = Main.storyboard;
			sourceTree = "<group>";
		};
		509F148723FE77CD00BD8CFC /* LaunchScreen.storyboard */ = {
			isa = PBXVariantGroup;
			children = (
				509F148823FE77CD00BD8CFC /* Base */,
			);
			name = LaunchScreen.storyboard;
			sourceTree = "<group>";
		};
/* End PBXVariantGroup section */

/* Begin XCBuildConfiguration section */
		509F148B23FE77CD00BD8CFC /* Debug */ = {
			isa = XCBuildConfiguration;
			buildSettings = {
				ALWAYS_SEARCH_USER_PATHS = NO;
				CLANG_ANALYZER_NONNULL = YES;
				CLANG_ANALYZER_NUMBER_OBJECT_CONVERSION = YES_AGGRESSIVE;
				CLANG_CXX_LANGUAGE_STANDARD = "gnu++14";
				CLANG_CXX_LIBRARY = "libc++";
				CLANG_ENABLE_MODULES = YES;
				CLANG_ENABLE_OBJC_ARC = YES;
				CLANG_ENABLE_OBJC_WEAK = YES;
				CLANG_WARN_BLOCK_CAPTURE_AUTORELEASING = YES;
				CLANG_WARN_BOOL_CONVERSION = YES;
				CLANG_WARN_COMMA = YES;
				CLANG_WARN_CONSTANT_CONVERSION = YES;
				CLANG_WARN_DEPRECATED_OBJC_IMPLEMENTATIONS = YES;
				CLANG_WARN_DIRECT_OBJC_ISA_USAGE = YES_ERROR;
				CLANG_WARN_DOCUMENTATION_COMMENTS = YES;
				CLANG_WARN_EMPTY_BODY = YES;
				CLANG_WARN_ENUM_CONVERSION = YES;
				CLANG_WARN_INFINITE_RECURSION = YES;
				CLANG_WARN_INT_CONVERSION = YES;
				CLANG_WARN_NON_LITERAL_NULL_CONVERSION = YES;
				CLANG_WARN_OBJC_IMPLICIT_RETAIN_SELF = YES;
				CLANG_WARN_OBJC_LITERAL_CONVERSION = YES;
				CLANG_WARN_OBJC_ROOT_CLASS = YES_ERROR;
				CLANG_WARN_RANGE_LOOP_ANALYSIS = YES;
				CLANG_WARN_STRICT_PROTOTYPES = YES;
				CLANG_WARN_SUSPICIOUS_MOVE = YES;
				CLANG_WARN_UNGUARDED_AVAILABILITY = YES_AGGRESSIVE;
				CLANG_WARN_UNREACHABLE_CODE = YES;
				CLANG_WARN__DUPLICATE_METHOD_MATCH = YES;
				COPY_PHASE_STRIP = NO;
				DEBUG_INFORMATION_FORMAT = dwarf;
				ENABLE_STRICT_OBJC_MSGSEND = YES;
				ENABLE_TESTABILITY = YES;
				GCC_C_LANGUAGE_STANDARD = gnu11;
				GCC_DYNAMIC_NO_PIC = NO;
				GCC_NO_COMMON_BLOCKS = YES;
				GCC_OPTIMIZATION_LEVEL = 0;
				GCC_PREPROCESSOR_DEFINITIONS = (
					"DEBUG=1",
					"$(inherited)",
				);
				GCC_WARN_64_TO_32_BIT_CONVERSION = YES;
				GCC_WARN_ABOUT_RETURN_TYPE = YES_ERROR;
				GCC_WARN_UNDECLARED_SELECTOR = YES;
				GCC_WARN_UNINITIALIZED_AUTOS = YES_AGGRESSIVE;
				GCC_WARN_UNUSED_FUNCTION = YES;
				GCC_WARN_UNUSED_VARIABLE = YES;
				IPHONEOS_DEPLOYMENT_TARGET = 13.2;
				MTL_ENABLE_DEBUG_INFO = INCLUDE_SOURCE;
				MTL_FAST_MATH = YES;
				ONLY_ACTIVE_ARCH = YES;
				SDKROOT = iphoneos;
				SWIFT_ACTIVE_COMPILATION_CONDITIONS = DEBUG;
				SWIFT_OPTIMIZATION_LEVEL = "-Onone";
			};
			name = Debug;
		};
		509F148C23FE77CD00BD8CFC /* Release */ = {
			isa = XCBuildConfiguration;
			buildSettings = {
				ALWAYS_SEARCH_USER_PATHS = NO;
				CLANG_ANALYZER_NONNULL = YES;
				CLANG_ANALYZER_NUMBER_OBJECT_CONVERSION = YES_AGGRESSIVE;
				CLANG_CXX_LANGUAGE_STANDARD = "gnu++14";
				CLANG_CXX_LIBRARY = "libc++";
				CLANG_ENABLE_MODULES = YES;
				CLANG_ENABLE_OBJC_ARC = YES;
				CLANG_ENABLE_OBJC_WEAK = YES;
				CLANG_WARN_BLOCK_CAPTURE_AUTORELEASING = YES;
				CLANG_WARN_BOOL_CONVERSION = YES;
				CLANG_WARN_COMMA = YES;
				CLANG_WARN_CONSTANT_CONVERSION = YES;
				CLANG_WARN_DEPRECATED_OBJC_IMPLEMENTATIONS = YES;
				CLANG_WARN_DIRECT_OBJC_ISA_USAGE = YES_ERROR;
				CLANG_WARN_DOCUMENTATION_COMMENTS = YES;
				CLANG_WARN_EMPTY_BODY = YES;
				CLANG_WARN_ENUM_CONVERSION = YES;
				CLANG_WARN_INFINITE_RECURSION = YES;
				CLANG_WARN_INT_CONVERSION = YES;
				CLANG_WARN_NON_LITERAL_NULL_CONVERSION = YES;
				CLANG_WARN_OBJC_IMPLICIT_RETAIN_SELF = YES;
				CLANG_WARN_OBJC_LITERAL_CONVERSION = YES;
				CLANG_WARN_OBJC_ROOT_CLASS = YES_ERROR;
				CLANG_WARN_RANGE_LOOP_ANALYSIS = YES;
				CLANG_WARN_STRICT_PROTOTYPES = YES;
				CLANG_WARN_SUSPICIOUS_MOVE = YES;
				CLANG_WARN_UNGUARDED_AVAILABILITY = YES_AGGRESSIVE;
				CLANG_WARN_UNREACHABLE_CODE = YES;
				CLANG_WARN__DUPLICATE_METHOD_MATCH = YES;
				COPY_PHASE_STRIP = NO;
				DEBUG_INFORMATION_FORMAT = "dwarf-with-dsym";
				ENABLE_NS_ASSERTIONS = NO;
				ENABLE_STRICT_OBJC_MSGSEND = YES;
				GCC_C_LANGUAGE_STANDARD = gnu11;
				GCC_NO_COMMON_BLOCKS = YES;
				GCC_WARN_64_TO_32_BIT_CONVERSION = YES;
				GCC_WARN_ABOUT_RETURN_TYPE = YES_ERROR;
				GCC_WARN_UNDECLARED_SELECTOR = YES;
				GCC_WARN_UNINITIALIZED_AUTOS = YES_AGGRESSIVE;
				GCC_WARN_UNUSED_FUNCTION = YES;
				GCC_WARN_UNUSED_VARIABLE = YES;
				IPHONEOS_DEPLOYMENT_TARGET = 13.2;
				MTL_ENABLE_DEBUG_INFO = NO;
				MTL_FAST_MATH = YES;
				SDKROOT = iphoneos;
				SWIFT_COMPILATION_MODE = wholemodule;
				SWIFT_OPTIMIZATION_LEVEL = "-O";
				VALIDATE_PRODUCT = YES;
			};
			name = Release;
		};
		509F148E23FE77CD00BD8CFC /* Debug */ = {
			isa = XCBuildConfiguration;
			buildSettings = {
				ASSETCATALOG_COMPILER_APPICON_NAME = AppIcon;
				CODE_SIGN_STYLE = Automatic;
				DEVELOPMENT_TEAM = UCS9ZZ9J83;
				INFOPLIST_FILE = Zodiaco/Info.plist;
				LD_RUNPATH_SEARCH_PATHS = (
					"$(inherited)",
					"@executable_path/Frameworks",
				);
				PRODUCT_BUNDLE_IDENTIFIER = es.mmeyfour.Colores;
				PRODUCT_NAME = "$(TARGET_NAME)";
				SWIFT_VERSION = 5.0;
				TARGETED_DEVICE_FAMILY = "1,2";
			};
			name = Debug;
		};
		509F148F23FE77CD00BD8CFC /* Release */ = {
			isa = XCBuildConfiguration;
			buildSettings = {
				ASSETCATALOG_COMPILER_APPICON_NAME = AppIcon;
				CODE_SIGN_STYLE = Automatic;
				DEVELOPMENT_TEAM = UCS9ZZ9J83;
				INFOPLIST_FILE = Zodiaco/Info.plist;
				LD_RUNPATH_SEARCH_PATHS = (
					"$(inherited)",
					"@executable_path/Frameworks",
				);
				PRODUCT_BUNDLE_IDENTIFIER = es.mmeyfour.Colores;
				PRODUCT_NAME = "$(TARGET_NAME)";
				SWIFT_VERSION = 5.0;
				TARGETED_DEVICE_FAMILY = "1,2";
			};
			name = Release;
		};
/* End XCBuildConfiguration section */

/* Begin XCConfigurationList section */
		509F147423FE77BF00BD8CFC /* Build configuration list for PBXProject "Zodiaco" */ = {
			isa = XCConfigurationList;
			buildConfigurations = (
				509F148B23FE77CD00BD8CFC /* Debug */,
				509F148C23FE77CD00BD8CFC /* Release */,
			);
			defaultConfigurationIsVisible = 0;
			defaultConfigurationName = Release;
		};
		509F148D23FE77CD00BD8CFC /* Build configuration list for PBXNativeTarget "Zodiaco" */ = {
			isa = XCConfigurationList;
			buildConfigurations = (
				509F148E23FE77CD00BD8CFC /* Debug */,
				509F148F23FE77CD00BD8CFC /* Release */,
			);
			defaultConfigurationIsVisible = 0;
			defaultConfigurationName = Release;
		};
/* End XCConfigurationList section */
	};
	rootObject = 509F147123FE77BF00BD8CFC /* Project object */;
}
